{
  "name": "object-to-css",
  "version": "1.0.4",
  "lockfileVersion": 2,
  "requires": true,
  "packages": {
    "": {
      "name": "object-to-css",
      "version": "1.0.4",
      "license": "MIT",
      "dependencies": {
        "add-px-to-style": "^1.0.0",
        "hyphenate-style-name": "^1.0.0"
      }
    },
    "node_modules/add-px-to-style": {
      "version": "1.0.0",
      "resolved": "https://registry.npmjs.org/add-px-to-style/-/add-px-to-style-1.0.0.tgz",
      "integrity": "sha512-YMyxSlXpPjD8uWekCQGuN40lV4bnZagUwqa2m/uFv1z/tNImSk9fnXVMUI5qwME/zzI3MMQRvjZ+69zyfSSyew=="
    },
    "node_modules/hyphenate-style-name": {
      "version": "1.0.4",
      "resolved": "https://registry.npmjs.org/hyphenate-style-name/-/hyphenate-style-name-1.0.4.tgz",
      "integrity": "sha512-ygGZLjmXfPHj+ZWh6LwbC37l43MhfztxetbFCoYTM2VjkIUpeHgSNn7QIyVFj7YQ1Wl9Cbw5sholVJPzWvC2MQ=="
    }
  },
  "dependencies": {
    "add-px-to-style": {
      "version": "1.0.0",
      "resolved": "https://registry.npmjs.org/add-px-to-style/-/add-px-to-style-1.0.0.tgz",
      "integrity": "sha512-YMyxSlXpPjD8uWekCQGuN40lV4bnZagUwqa2m/uFv1z/tNImSk9fnXVMUI5qwME/zzI3MMQRvjZ+69zyfSSyew=="
    },
    "hyphenate-style-name": {
      "version": "1.0.4",
      "resolved": "https://registry.npmjs.org/hyphenate-style-name/-/hyphenate-style-name-1.0.4.tgz",
      "integrity": "sha512-ygGZLjmXfPHj+ZWh6LwbC37l43MhfztxetbFCoYTM2VjkIUpeHgSNn7QIyVFj7YQ1Wl9Cbw5sholVJPzWvC2MQ=="
    }
  }
}
